
Microsoft Visual Studio Solution File, Format Version 12.00
# Visual Studio Version 16
VisualStudioVersion = 16.0.29709.97
MinimumVisualStudioVersion = 10.0.40219.1
Project("{9A19103F-16F7-4668-BE54-9A1E7A4F7556}") = "ENSEK_Meter_Reader_Client", "ENSEK_Meter_Reader_Client.csproj", "{F71BC632-1BF8-449D-AC83-4DB9E1F6F663}"
	ProjectSection(ProjectDependencies) = postProject
		{3A801D85-5942-47FE-A171-A5E3CC6ABFBB} = {3A801D85-5942-47FE-A171-A5E3CC6ABFBB}
	EndProjectSection
EndProject
Project("{9A19103F-16F7-4668-BE54-9A1E7A4F7556}") = "ENSEK_Meter_Reader_Server", "..\ENSEK_Meter_Reader_Server\ENSEK_Meter_Reader_Server.csproj", "{3A801D85-5942-47FE-A171-A5E3CC6ABFBB}"
EndProject
Global
	GlobalSection(SolutionConfigurationPlatforms) = preSolution
		Debug|Any CPU = Debug|Any CPU
		Release|Any CPU = Release|Any CPU
	EndGlobalSection
	GlobalSection(ProjectConfigurationPlatforms) = postSolution
		{F71BC632-1BF8-449D-AC83-4DB9E1F6F663}.Debug|Any CPU.ActiveCfg = Debug|Any CPU
		{F71BC632-1BF8-449D-AC83-4DB9E1F6F663}.Debug|Any CPU.Build.0 = Debug|Any CPU
		{F71BC632-1BF8-449D-AC83-4DB9E1F6F663}.Release|Any CPU.ActiveCfg = Release|Any CPU
		{F71BC632-1BF8-449D-AC83-4DB9E1F6F663}.Release|Any CPU.Build.0 = Release|Any CPU
		{3A801D85-5942-47FE-A171-A5E3CC6ABFBB}.Debug|Any CPU.ActiveCfg = Debug|Any CPU
		{3A801D85-5942-47FE-A171-A5E3CC6ABFBB}.Debug|Any CPU.Build.0 = Debug|Any CPU
		{3A801D85-5942-47FE-A171-A5E3CC6ABFBB}.Release|Any CPU.ActiveCfg = Release|Any CPU
		{3A801D85-5942-47FE-A171-A5E3CC6ABFBB}.Release|Any CPU.Build.0 = Release|Any CPU
	EndGlobalSection
	GlobalSection(SolutionProperties) = preSolution
		HideSolutionNode = FALSE
	EndGlobalSection
	GlobalSection(ExtensibilityGlobals) = postSolution
		SolutionGuid = {FDF25545-2001-4862-BD01-B1292751B03A}
	EndGlobalSection
EndGlobal
